
Microsoft Visual Studio Solution File, Format Version 12.00
# Visual Studio 2013
VisualStudioVersion = 12.0.21005.1
MinimumVisualStudioVersion = 10.0.40219.1
Project("{FAE04EC0-301F-11D3-BF4B-00C04F79EFBC}") = "Battleships", "Battleships\Battleships.csproj", "{EAF8EDA8-8DF9-4960-AA7E-7588CEF48F49}"
EndProject
Global
	GlobalSection(SolutionConfigurationPlatforms) = preSolution
		Debug|Any CPU = Debug|Any CPU
		Release|Any CPU = Release|Any CPU
	EndGlobalSection
	GlobalSection(ProjectConfigurationPlatforms) = postSolution
		{EAF8EDA8-8DF9-4960-AA7E-7588CEF48F49}.Debug|Any CPU.ActiveCfg = Debug|Any CPU
		{EAF8EDA8-8DF9-4960-AA7E-7588CEF48F49}.Debug|Any CPU.Build.0 = Debug|Any CPU
		{EAF8EDA8-8DF9-4960-AA7E-7588CEF48F49}.Release|Any CPU.ActiveCfg = Release|Any CPU
		{EAF8EDA8-8DF9-4960-AA7E-7588CEF48F49}.Release|Any CPU.Build.0 = Release|Any CPU
	EndGlobalSection
	GlobalSection(SolutionProperties) = preSolution
		HideSolutionNode = FALSE
	EndGlobalSection
EndGlobal
